
Microsoft Visual Studio Solution File, Format Version 12.00
# Visual Studio Version 17
VisualStudioVersion = 17.1.32210.238
MinimumVisualStudioVersion = 10.0.40219.1
Project("{F184B08F-C81C-45F6-A57F-5ABD9991F28F}") = "Assignment6", "Assignment6\Assignment6.vbproj", "{F5EE8AC9-9C1E-4F09-920C-7D2D8E7B9E4C}"
EndProject
Global
	GlobalSection(SolutionConfigurationPlatforms) = preSolution
		Debug|Any CPU = Debug|Any CPU
		Release|Any CPU = Release|Any CPU
	EndGlobalSection
	GlobalSection(ProjectConfigurationPlatforms) = postSolution
		{F5EE8AC9-9C1E-4F09-920C-7D2D8E7B9E4C}.Debug|Any CPU.ActiveCfg = Debug|Any CPU
		{F5EE8AC9-9C1E-4F09-920C-7D2D8E7B9E4C}.Debug|Any CPU.Build.0 = Debug|Any CPU
		{F5EE8AC9-9C1E-4F09-920C-7D2D8E7B9E4C}.Release|Any CPU.ActiveCfg = Release|Any CPU
		{F5EE8AC9-9C1E-4F09-920C-7D2D8E7B9E4C}.Release|Any CPU.Build.0 = Release|Any CPU
	EndGlobalSection
	GlobalSection(SolutionProperties) = preSolution
		HideSolutionNode = FALSE
	EndGlobalSection
	GlobalSection(ExtensibilityGlobals) = postSolution
		SolutionGuid = {2858795A-05C9-41F6-AA43-FFEBEABD0C22}
	EndGlobalSection
EndGlobal
